
Microsoft Visual Studio Solution File, Format Version 12.00
# Visual Studio Version 17
VisualStudioVersion = 17.3.32929.385
MinimumVisualStudioVersion = 10.0.40219.1
Project("{FAE04EC0-301F-11D3-BF4B-00C04F79EFBC}") = "WindowsFormsFelhasznalok", "WindowsFormsFelhasznalok\WindowsFormsFelhasznalok.csproj", "{47C51157-040D-4D71-BE41-067241D8493C}"
EndProject
Global
	GlobalSection(SolutionConfigurationPlatforms) = preSolution
		Debug|Any CPU = Debug|Any CPU
		Release|Any CPU = Release|Any CPU
	EndGlobalSection
	GlobalSection(ProjectConfigurationPlatforms) = postSolution
		{47C51157-040D-4D71-BE41-067241D8493C}.Debug|Any CPU.ActiveCfg = Debug|Any CPU
		{47C51157-040D-4D71-BE41-067241D8493C}.Debug|Any CPU.Build.0 = Debug|Any CPU
		{47C51157-040D-4D71-BE41-067241D8493C}.Release|Any CPU.ActiveCfg = Release|Any CPU
		{47C51157-040D-4D71-BE41-067241D8493C}.Release|Any CPU.Build.0 = Release|Any CPU
	EndGlobalSection
	GlobalSection(SolutionProperties) = preSolution
		HideSolutionNode = FALSE
	EndGlobalSection
	GlobalSection(ExtensibilityGlobals) = postSolution
		SolutionGuid = {27E8F499-3996-4B0C-B7CA-BC6FDD8659C9}
	EndGlobalSection
EndGlobal
